
Microsoft Visual Studio Solution File, Format Version 12.00
# Visual Studio Version 17
VisualStudioVersion = 17.9.34714.143
MinimumVisualStudioVersion = 10.0.40219.1
Project("{2150E333-8FDC-42A3-9474-1A3956D46DE8}") = "Level 0", "Level 0", "{8C3B30A6-40C8-4345-950C-0AD9FD886C3A}"
EndProject
Project("{8BC9CEB8-8B4A-11D0-8D11-00A0C91BC942}") = "EngineBase", "EngineBase\EngineBase.vcxproj", "{EA197215-13BB-4729-9573-DB483A0EE1A3}"
EndProject
Project("{2150E333-8FDC-42A3-9474-1A3956D46DE8}") = "Level 1", "Level 1", "{7E3803DA-F56F-412B-BD30-583CD0A6BEB5}"
EndProject
Project("{8BC9CEB8-8B4A-11D0-8D11-00A0C91BC942}") = "EnginePlatform", "EnginePlatform\EnginePlatform.vcxproj", "{F0716EC2-0BC5-43EA-9046-B203E0985A67}"
EndProject
Project("{8BC9CEB8-8B4A-11D0-8D11-00A0C91BC942}") = "App", "App\App.vcxproj", "{C549CD07-EF08-4A3D-AF09-BCD0C17FC64B}"
	ProjectSection(ProjectDependencies) = postProject
		{C84C5AE8-AF96-48E6-9E87-5EBE053BA123} = {C84C5AE8-AF96-48E6-9E87-5EBE053BA123}
		{E900C797-09AD-46CE-9F93-4065214CF169} = {E900C797-09AD-46CE-9F93-4065214CF169}
		{EA197215-13BB-4729-9573-DB483A0EE1A3} = {EA197215-13BB-4729-9573-DB483A0EE1A3}
		{F0716EC2-0BC5-43EA-9046-B203E0985A67} = {F0716EC2-0BC5-43EA-9046-B203E0985A67}
	EndProjectSection
EndProject
Project("{2150E333-8FDC-42A3-9474-1A3956D46DE8}") = "Level 2", "Level 2", "{B90EE1A3-63DE-41DA-8782-378070BEE9B8}"
EndProject
Project("{8BC9CEB8-8B4A-11D0-8D11-00A0C91BC942}") = "EngineCore", "EngineCore\EngineCore.vcxproj", "{E900C797-09AD-46CE-9F93-4065214CF169}"
	ProjectSection(ProjectDependencies) = postProject
		{EA197215-13BB-4729-9573-DB483A0EE1A3} = {EA197215-13BB-4729-9573-DB483A0EE1A3}
		{F0716EC2-0BC5-43EA-9046-B203E0985A67} = {F0716EC2-0BC5-43EA-9046-B203E0985A67}
	EndProjectSection
EndProject
Project("{2150E333-8FDC-42A3-9474-1A3956D46DE8}") = "Level 3", "Level 3", "{A1B53812-1160-497A-AF3F-5B6100BDF5A5}"
EndProject
Project("{2150E333-8FDC-42A3-9474-1A3956D46DE8}") = "Level 4", "Level 4", "{0AFBAEA6-69AA-403A-B442-E51B3C978A96}"
EndProject
Project("{8BC9CEB8-8B4A-11D0-8D11-00A0C91BC942}") = "Contents", "Contents\Contents.vcxproj", "{C84C5AE8-AF96-48E6-9E87-5EBE053BA123}"
	ProjectSection(ProjectDependencies) = postProject
		{E900C797-09AD-46CE-9F93-4065214CF169} = {E900C797-09AD-46CE-9F93-4065214CF169}
		{EA197215-13BB-4729-9573-DB483A0EE1A3} = {EA197215-13BB-4729-9573-DB483A0EE1A3}
		{F0716EC2-0BC5-43EA-9046-B203E0985A67} = {F0716EC2-0BC5-43EA-9046-B203E0985A67}
	EndProjectSection
EndProject
Global
	GlobalSection(SolutionConfigurationPlatforms) = preSolution
		Debug|x64 = Debug|x64
		Debug|x86 = Debug|x86
		Release|x64 = Release|x64
		Release|x86 = Release|x86
	EndGlobalSection
	GlobalSection(ProjectConfigurationPlatforms) = postSolution
		{EA197215-13BB-4729-9573-DB483A0EE1A3}.Debug|x64.ActiveCfg = Debug|x64
		{EA197215-13BB-4729-9573-DB483A0EE1A3}.Debug|x64.Build.0 = Debug|x64
		{EA197215-13BB-4729-9573-DB483A0EE1A3}.Debug|x86.ActiveCfg = Debug|Win32
		{EA197215-13BB-4729-9573-DB483A0EE1A3}.Debug|x86.Build.0 = Debug|Win32
		{EA197215-13BB-4729-9573-DB483A0EE1A3}.Release|x64.ActiveCfg = Release|x64
		{EA197215-13BB-4729-9573-DB483A0EE1A3}.Release|x64.Build.0 = Release|x64
		{EA197215-13BB-4729-9573-DB483A0EE1A3}.Release|x86.ActiveCfg = Release|Win32
		{EA197215-13BB-4729-9573-DB483A0EE1A3}.Release|x86.Build.0 = Release|Win32
		{F0716EC2-0BC5-43EA-9046-B203E0985A67}.Debug|x64.ActiveCfg = Debug|x64
		{F0716EC2-0BC5-43EA-9046-B203E0985A67}.Debug|x64.Build.0 = Debug|x64
		{F0716EC2-0BC5-43EA-9046-B203E0985A67}.Debug|x86.ActiveCfg = Debug|Win32
		{F0716EC2-0BC5-43EA-9046-B203E0985A67}.Debug|x86.Build.0 = Debug|Win32
		{F0716EC2-0BC5-43EA-9046-B203E0985A67}.Release|x64.ActiveCfg = Release|x64
		{F0716EC2-0BC5-43EA-9046-B203E0985A67}.Release|x64.Build.0 = Release|x64
		{F0716EC2-0BC5-43EA-9046-B203E0985A67}.Release|x86.ActiveCfg = Release|Win32
		{F0716EC2-0BC5-43EA-9046-B203E0985A67}.Release|x86.Build.0 = Release|Win32
		{C549CD07-EF08-4A3D-AF09-BCD0C17FC64B}.Debug|x64.ActiveCfg = Debug|x64
		{C549CD07-EF08-4A3D-AF09-BCD0C17FC64B}.Debug|x64.Build.0 = Debug|x64
		{C549CD07-EF08-4A3D-AF09-BCD0C17FC64B}.Debug|x86.ActiveCfg = Debug|Win32
		{C549CD07-EF08-4A3D-AF09-BCD0C17FC64B}.Debug|x86.Build.0 = Debug|Win32
		{C549CD07-EF08-4A3D-AF09-BCD0C17FC64B}.Release|x64.ActiveCfg = Release|x64
		{C549CD07-EF08-4A3D-AF09-BCD0C17FC64B}.Release|x64.Build.0 = Release|x64
		{C549CD07-EF08-4A3D-AF09-BCD0C17FC64B}.Release|x86.ActiveCfg = Release|Win32
		{C549CD07-EF08-4A3D-AF09-BCD0C17FC64B}.Release|x86.Build.0 = Release|Win32
		{E900C797-09AD-46CE-9F93-4065214CF169}.Debug|x64.ActiveCfg = Debug|x64
		{E900C797-09AD-46CE-9F93-4065214CF169}.Debug|x64.Build.0 = Debug|x64
		{E900C797-09AD-46CE-9F93-4065214CF169}.Debug|x86.ActiveCfg = Debug|Win32
		{E900C797-09AD-46CE-9F93-4065214CF169}.Debug|x86.Build.0 = Debug|Win32
		{E900C797-09AD-46CE-9F93-4065214CF169}.Release|x64.ActiveCfg = Release|x64
		{E900C797-09AD-46CE-9F93-4065214CF169}.Release|x64.Build.0 = Release|x64
		{E900C797-09AD-46CE-9F93-4065214CF169}.Release|x86.ActiveCfg = Release|Win32
		{E900C797-09AD-46CE-9F93-4065214CF169}.Release|x86.Build.0 = Release|Win32
		{C84C5AE8-AF96-48E6-9E87-5EBE053BA123}.Debug|x64.ActiveCfg = Debug|x64
		{C84C5AE8-AF96-48E6-9E87-5EBE053BA123}.Debug|x64.Build.0 = Debug|x64
		{C84C5AE8-AF96-48E6-9E87-5EBE053BA123}.Debug|x86.ActiveCfg = Debug|Win32
		{C84C5AE8-AF96-48E6-9E87-5EBE053BA123}.Debug|x86.Build.0 = Debug|Win32
		{C84C5AE8-AF96-48E6-9E87-5EBE053BA123}.Release|x64.ActiveCfg = Release|x64
		{C84C5AE8-AF96-48E6-9E87-5EBE053BA123}.Release|x64.Build.0 = Release|x64
		{C84C5AE8-AF96-48E6-9E87-5EBE053BA123}.Release|x86.ActiveCfg = Release|Win32
		{C84C5AE8-AF96-48E6-9E87-5EBE053BA123}.Release|x86.Build.0 = Release|Win32
	EndGlobalSection
	GlobalSection(SolutionProperties) = preSolution
		HideSolutionNode = FALSE
	EndGlobalSection
	GlobalSection(NestedProjects) = preSolution
		{EA197215-13BB-4729-9573-DB483A0EE1A3} = {8C3B30A6-40C8-4345-950C-0AD9FD886C3A}
		{F0716EC2-0BC5-43EA-9046-B203E0985A67} = {7E3803DA-F56F-412B-BD30-583CD0A6BEB5}
		{C549CD07-EF08-4A3D-AF09-BCD0C17FC64B} = {0AFBAEA6-69AA-403A-B442-E51B3C978A96}
		{E900C797-09AD-46CE-9F93-4065214CF169} = {B90EE1A3-63DE-41DA-8782-378070BEE9B8}
		{C84C5AE8-AF96-48E6-9E87-5EBE053BA123} = {A1B53812-1160-497A-AF3F-5B6100BDF5A5}
	EndGlobalSection
	GlobalSection(ExtensibilityGlobals) = postSolution
		SolutionGuid = {7A390836-652B-4CED-A1CA-E86A301B3F1A}
	EndGlobalSection
EndGlobal
