<?xml version="1.0" encoding="utf-8"?>
<Project ToolsVersion="4.0" xmlns="http://schemas.microsoft.com/developer/msbuild/2003">
  <ItemGroup>
    <ClInclude Include="PreCompile.h">
      <Filter>PreCompile</Filter>
    </ClInclude>
    <ClInclude Include="HoloCore.h">
      <Filter>Core</Filter>
    </ClInclude>
    <ClInclude Include="PlayGameMode.h">
      <Filter>Level\PlayLevel</Filter>
    </ClInclude>
    <ClInclude Include="TitleGameMode.h">
      <Filter>Level\TitleLevel</Filter>
    </ClInclude>
    <ClInclude Include="TitleLogo.h">
      <Filter>Level\TitleLevel\Actor</Filter>
    </ClInclude>
    <ClInclude Include="PlayBack.h">
      <Filter>Level\PlayLevel\Actor</Filter>
    </ClInclude>
    <ClInclude Include="ContentsEnum.h">
      <Filter>Option</Filter>
    </ClInclude>
    <ClInclude Include="Player.h">
      <Filter>Level\PlayLevel\Actor</Filter>
    </ClInclude>
    <ClInclude Include="ContentsValue.h">
      <Filter>Header</Filter>
    </ClInclude>
    <ClInclude Include="UI.h">
      <Filter>Level\PlayLevel\UIActor</Filter>
    </ClInclude>
    <ClInclude Include="Monster.h">
      <Filter>Level\PlayLevel\Monster</Filter>
    </ClInclude>
    <ClInclude Include="Mouse.h">
      <Filter>Level\PlayLevel\UIActor</Filter>
    </ClInclude>
  </ItemGroup>
  <ItemGroup>
    <ClCompile Include="PreCompile.cpp">
      <Filter>PreCompile</Filter>
    </ClCompile>
    <ClCompile Include="HoloCore.cpp">
      <Filter>Core</Filter>
    </ClCompile>
    <ClCompile Include="Player.cpp">
      <Filter>Level\PlayLevel\Actor</Filter>
    </ClCompile>
    <ClCompile Include="PlayGameMode.cpp">
      <Filter>Level\PlayLevel</Filter>
    </ClCompile>
    <ClCompile Include="TitleGameMode.cpp">
      <Filter>Level\TitleLevel</Filter>
    </ClCompile>
    <ClCompile Include="TitleLogo.cpp">
      <Filter>Level\TitleLevel\Actor</Filter>
    </ClCompile>
    <ClCompile Include="PlayBack.cpp">
      <Filter>Level\PlayLevel\Actor</Filter>
    </ClCompile>
    <ClCompile Include="Player_State.cpp">
      <Filter>Level\PlayLevel</Filter>
    </ClCompile>
    <ClCompile Include="ContentsValue.cpp">
      <Filter>Header</Filter>
    </ClCompile>
    <ClCompile Include="UI.cpp">
      <Filter>Level\PlayLevel\UIActor</Filter>
    </ClCompile>
    <ClCompile Include="Monster.cpp">
      <Filter>Level\PlayLevel\Monster</Filter>
    </ClCompile>
    <ClCompile Include="Mouse.cpp">
      <Filter>Level\PlayLevel\UIActor</Filter>
    </ClCompile>
  </ItemGroup>
  <ItemGroup>
    <Filter Include="PreCompile">
      <UniqueIdentifier>{ce50d7e2-eb58-4cc2-bb6f-db0a959b081d}</UniqueIdentifier>
    </Filter>
    <Filter Include="Core">
      <UniqueIdentifier>{adbe9720-3df1-4feb-baf1-6fbb589f696c}</UniqueIdentifier>
    </Filter>
    <Filter Include="Level">
      <UniqueIdentifier>{5d532f8a-2015-4da7-97bb-0fa4da7ba77e}</UniqueIdentifier>
    </Filter>
    <Filter Include="Level\PlayLevel">
      <UniqueIdentifier>{f7cd771b-27b4-45df-8fb6-1928e398bc62}</UniqueIdentifier>
    </Filter>
    <Filter Include="Level\TitleLevel">
      <UniqueIdentifier>{97da6cae-c6b7-49b4-a332-a6917292167f}</UniqueIdentifier>
    </Filter>
    <Filter Include="Level\TitleLevel\Actor">
      <UniqueIdentifier>{28116382-d64e-47f1-be13-759b389da5c1}</UniqueIdentifier>
    </Filter>
    <Filter Include="Level\PlayLevel\Actor">
      <UniqueIdentifier>{208e4a80-28bc-44b4-890b-999bcaed8ce8}</UniqueIdentifier>
    </Filter>
    <Filter Include="Option">
      <UniqueIdentifier>{a73859eb-3538-4fc1-9131-0fa5a6354e90}</UniqueIdentifier>
    </Filter>
    <Filter Include="Header">
      <UniqueIdentifier>{4bad1fa8-ff4e-4f79-a8e8-a1ac1b99e33f}</UniqueIdentifier>
    </Filter>
    <Filter Include="Level\PlayLevel\UIActor">
      <UniqueIdentifier>{f747f929-eff1-4f7c-a8db-c454f10d39b8}</UniqueIdentifier>
    </Filter>
    <Filter Include="Level\PlayLevel\Monster">
      <UniqueIdentifier>{8dc2bf40-d17a-4ba7-ac99-8ad1eb90fe30}</UniqueIdentifier>
    </Filter>
  </ItemGroup>
</Project>