<?xml version="1.0" encoding="utf-8"?>
<Project ToolsVersion="4.0" xmlns="http://schemas.microsoft.com/developer/msbuild/2003">
  <ItemGroup>
    <ClInclude Include="PreCompile.h">
      <Filter>PreCompile</Filter>
    </ClInclude>
    <ClInclude Include="HoloCore.h">
      <Filter>Core</Filter>
    </ClInclude>
    <ClInclude Include="ContentsValue.h">
      <Filter>Header</Filter>
    </ClInclude>
    <ClInclude Include="Monster.h">
      <Filter>Level\PlayLevel\Actor\Monster</Filter>
    </ClInclude>
    <ClInclude Include="Mouse.h">
      <Filter>Level\PlayLevel\UIActor</Filter>
    </ClInclude>
    <ClInclude Include="ContentsEnum.h">
      <Filter>Header</Filter>
    </ClInclude>
    <ClInclude Include="Player.h">
      <Filter>Level\PlayLevel\Actor\Player</Filter>
    </ClInclude>
    <ClInclude Include="PlayBack.h">
      <Filter>Level\PlayLevel\Actor\PlayBackGround</Filter>
    </ClInclude>
    <ClInclude Include="TitleBack.h">
      <Filter>Level\TitleLevel\Actor\BackGround</Filter>
    </ClInclude>
    <ClInclude Include="TitleCh.h">
      <Filter>Level\TitleLevel\Actor\BackGround</Filter>
    </ClInclude>
    <ClInclude Include="TitleLogo.h">
      <Filter>Level\TitleLevel\Actor\BackGround</Filter>
    </ClInclude>
    <ClInclude Include="Menu.h">
      <Filter>Level\TitleLevel\Actor\Menu</Filter>
    </ClInclude>
    <ClInclude Include="TitleGameMode.h">
      <Filter>Level\GameMode</Filter>
    </ClInclude>
    <ClInclude Include="PlayGameMode.h">
      <Filter>Level\GameMode</Filter>
    </ClInclude>
    <ClInclude Include="Weapon.h">
      <Filter>Level\PlayLevel\Actor\Attack</Filter>
    </ClInclude>
    <ClInclude Include="Ranged.h">
      <Filter>Level\PlayLevel\Actor\Attack\Ranged</Filter>
    </ClInclude>
    <ClInclude Include="Bullet.h">
      <Filter>Level\PlayLevel\Actor\Attack\Ranged</Filter>
    </ClInclude>
    <ClInclude Include="Burtton.h">
      <Filter>Level\TitleLevel\Actor\Menu</Filter>
    </ClInclude>
    <ClInclude Include="SelectBack.h">
      <Filter>Level\SelectLevel\Actor\BackGround</Filter>
    </ClInclude>
    <ClInclude Include="SelectGametMode.h">
      <Filter>Level\GameMode</Filter>
    </ClInclude>
    <ClInclude Include="SelectMenu.h">
      <Filter>Level\SelectLevel\Actor\Menu</Filter>
    </ClInclude>
    <ClInclude Include="CharacterSelection.h">
      <Filter>Level\SelectLevel\Actor\Menu</Filter>
    </ClInclude>
    <ClInclude Include="CharacterSelectionButon.h">
      <Filter>Level\SelectLevel\Actor\Menu</Filter>
    </ClInclude>
    <ClInclude Include="Melee.h">
      <Filter>Level\PlayLevel\Actor\Attack\Melee</Filter>
    </ClInclude>
    <ClInclude Include="Kiara.h">
      <Filter>Level\PlayLevel\Actor\Attack\Melee\Character</Filter>
    </ClInclude>
    <ClInclude Include="Box.h">
      <Filter>Level\PlayLevel\Object</Filter>
    </ClInclude>
    <ClInclude Include="TitleText.h">
      <Filter>Level\TitleLevel\Actor\Menu</Filter>
    </ClInclude>
    <ClInclude Include="UIManager.h">
      <Filter>Level\PlayLevel\UIActor</Filter>
    </ClInclude>
    <ClInclude Include="Wamy.h">
      <Filter>Level\PlayLevel\Actor\Attack\Melee\BasicMelee</Filter>
    </ClInclude>
    <ClInclude Include="Asacoco.h">
      <Filter>Level\PlayLevel\Actor\Attack\Ranged\BasicRanged</Filter>
    </ClInclude>
    <ClInclude Include="AsacocoBullet.h">
      <Filter>Level\PlayLevel\Actor\Attack\Ranged\BasicRanged</Filter>
    </ClInclude>
    <ClInclude Include="FanBeam.h">
      <Filter>Level\PlayLevel\Actor\Attack\Melee\BasicMelee</Filter>
    </ClInclude>
  </ItemGroup>
  <ItemGroup>
    <ClCompile Include="PreCompile.cpp">
      <Filter>PreCompile</Filter>
    </ClCompile>
    <ClCompile Include="HoloCore.cpp">
      <Filter>Core</Filter>
    </ClCompile>
    <ClCompile Include="ContentsValue.cpp">
      <Filter>Header</Filter>
    </ClCompile>
    <ClCompile Include="Monster.cpp">
      <Filter>Level\PlayLevel\Actor\Monster</Filter>
    </ClCompile>
    <ClCompile Include="Mouse.cpp">
      <Filter>Level\PlayLevel\UIActor</Filter>
    </ClCompile>
    <ClCompile Include="Player.cpp">
      <Filter>Level\PlayLevel\Actor\Player</Filter>
    </ClCompile>
    <ClCompile Include="PlayBack.cpp">
      <Filter>Level\PlayLevel\Actor\PlayBackGround</Filter>
    </ClCompile>
    <ClCompile Include="Player_State.cpp">
      <Filter>Level\PlayLevel\Actor\Player</Filter>
    </ClCompile>
    <ClCompile Include="TitleBack.cpp">
      <Filter>Level\TitleLevel\Actor\BackGround</Filter>
    </ClCompile>
    <ClCompile Include="TitleCh.cpp">
      <Filter>Level\TitleLevel\Actor\BackGround</Filter>
    </ClCompile>
    <ClCompile Include="TitleLogo.cpp">
      <Filter>Level\TitleLevel\Actor\BackGround</Filter>
    </ClCompile>
    <ClCompile Include="Menu.cpp">
      <Filter>Level\TitleLevel\Actor\Menu</Filter>
    </ClCompile>
    <ClCompile Include="TitleGameMode.cpp">
      <Filter>Level\GameMode</Filter>
    </ClCompile>
    <ClCompile Include="PlayGameMode.cpp">
      <Filter>Level\GameMode</Filter>
    </ClCompile>
    <ClCompile Include="Weapon.cpp">
      <Filter>Level\PlayLevel\Actor\Attack</Filter>
    </ClCompile>
    <ClCompile Include="Ranged.cpp">
      <Filter>Level\PlayLevel\Actor\Attack\Ranged</Filter>
    </ClCompile>
    <ClCompile Include="Bullet.cpp">
      <Filter>Level\PlayLevel\Actor\Attack\Ranged</Filter>
    </ClCompile>
    <ClCompile Include="Burtton.cpp">
      <Filter>Level\TitleLevel\Actor\Menu</Filter>
    </ClCompile>
    <ClCompile Include="SelectBack.cpp">
      <Filter>Level\SelectLevel\Actor\BackGround</Filter>
    </ClCompile>
    <ClCompile Include="SelectGametMode.cpp">
      <Filter>Level\GameMode</Filter>
    </ClCompile>
    <ClCompile Include="SelectMenu.cpp">
      <Filter>Level\SelectLevel\Actor\Menu</Filter>
    </ClCompile>
    <ClCompile Include="CharacterSelection.cpp">
      <Filter>Level\SelectLevel\Actor\Menu</Filter>
    </ClCompile>
    <ClCompile Include="CharacterSelectionButon.cpp">
      <Filter>Level\SelectLevel\Actor\Menu</Filter>
    </ClCompile>
    <ClCompile Include="Melee.cpp">
      <Filter>Level\PlayLevel\Actor\Attack\Melee</Filter>
    </ClCompile>
    <ClCompile Include="Kiara.cpp">
      <Filter>Level\PlayLevel\Actor\Attack\Melee\Character</Filter>
    </ClCompile>
    <ClCompile Include="UIManager.cpp">
      <Filter>Level\PlayLevel\UIActor</Filter>
    </ClCompile>
    <ClCompile Include="Box.cpp">
      <Filter>Level\PlayLevel\Object</Filter>
    </ClCompile>
    <ClCompile Include="TitleText.cpp">
      <Filter>Level\TitleLevel\Actor\Menu</Filter>
    </ClCompile>
    <ClCompile Include="Wamy.cpp">
      <Filter>Level\PlayLevel\Actor\Attack\Melee\BasicMelee</Filter>
    </ClCompile>
    <ClCompile Include="Asacoco.cpp">
      <Filter>Level\PlayLevel\Actor\Attack\Ranged\BasicRanged</Filter>
    </ClCompile>
    <ClCompile Include="AsacocoBullet.cpp">
      <Filter>Level\PlayLevel\Actor\Attack\Ranged\BasicRanged</Filter>
    </ClCompile>
    <ClCompile Include="FanBeam.cpp">
      <Filter>Level\PlayLevel\Actor\Attack\Melee\BasicMelee</Filter>
    </ClCompile>
  </ItemGroup>
  <ItemGroup>
    <Filter Include="PreCompile">
      <UniqueIdentifier>{ce50d7e2-eb58-4cc2-bb6f-db0a959b081d}</UniqueIdentifier>
    </Filter>
    <Filter Include="Core">
      <UniqueIdentifier>{adbe9720-3df1-4feb-baf1-6fbb589f696c}</UniqueIdentifier>
    </Filter>
    <Filter Include="Level">
      <UniqueIdentifier>{5d532f8a-2015-4da7-97bb-0fa4da7ba77e}</UniqueIdentifier>
    </Filter>
    <Filter Include="Header">
      <UniqueIdentifier>{4bad1fa8-ff4e-4f79-a8e8-a1ac1b99e33f}</UniqueIdentifier>
    </Filter>
    <Filter Include="Level\GameMode">
      <UniqueIdentifier>{c42ccb04-43ef-4486-8d20-5a7a0e3657af}</UniqueIdentifier>
    </Filter>
    <Filter Include="Level\TitleLevel">
      <UniqueIdentifier>{97da6cae-c6b7-49b4-a332-a6917292167f}</UniqueIdentifier>
    </Filter>
    <Filter Include="Level\TitleLevel\Actor">
      <UniqueIdentifier>{28116382-d64e-47f1-be13-759b389da5c1}</UniqueIdentifier>
    </Filter>
    <Filter Include="Level\TitleLevel\Actor\Menu">
      <UniqueIdentifier>{467f8029-946a-407d-a5be-e7f3cf48f307}</UniqueIdentifier>
    </Filter>
    <Filter Include="Level\TitleLevel\Actor\BackGround">
      <UniqueIdentifier>{11b18c2b-7dc8-4cbb-81bb-c0e6141364f0}</UniqueIdentifier>
    </Filter>
    <Filter Include="Level\SelectLevel">
      <UniqueIdentifier>{d0305418-8681-421c-a318-d0626616385e}</UniqueIdentifier>
    </Filter>
    <Filter Include="Level\PlayLevel">
      <UniqueIdentifier>{f7cd771b-27b4-45df-8fb6-1928e398bc62}</UniqueIdentifier>
    </Filter>
    <Filter Include="Level\PlayLevel\Actor">
      <UniqueIdentifier>{208e4a80-28bc-44b4-890b-999bcaed8ce8}</UniqueIdentifier>
    </Filter>
    <Filter Include="Level\PlayLevel\Actor\Monster">
      <UniqueIdentifier>{8dc2bf40-d17a-4ba7-ac99-8ad1eb90fe30}</UniqueIdentifier>
    </Filter>
    <Filter Include="Level\PlayLevel\Actor\Attack">
      <UniqueIdentifier>{cfdc339c-6568-4a70-a5aa-e199e9fbd52b}</UniqueIdentifier>
    </Filter>
    <Filter Include="Level\PlayLevel\Actor\Attack\Ranged">
      <UniqueIdentifier>{04c53a30-cc46-4923-b5e5-4a4c52e59c3c}</UniqueIdentifier>
    </Filter>
    <Filter Include="Level\PlayLevel\Actor\PlayBackGround">
      <UniqueIdentifier>{0e34bc11-f720-471a-9913-e9ff89c50e23}</UniqueIdentifier>
    </Filter>
    <Filter Include="Level\PlayLevel\UIActor">
      <UniqueIdentifier>{f747f929-eff1-4f7c-a8db-c454f10d39b8}</UniqueIdentifier>
    </Filter>
    <Filter Include="Level\SelectLevel\Actor">
      <UniqueIdentifier>{39ff1db6-1278-4a92-987e-9553786b04c7}</UniqueIdentifier>
    </Filter>
    <Filter Include="Level\SelectLevel\Actor\BackGround">
      <UniqueIdentifier>{aaaa2fd7-d624-451c-a57b-61dbf3b09cc7}</UniqueIdentifier>
    </Filter>
    <Filter Include="Level\SelectLevel\Actor\Menu">
      <UniqueIdentifier>{9e3d863c-40ba-48d1-9ef1-c2ce6dd58494}</UniqueIdentifier>
    </Filter>
    <Filter Include="Level\PlayLevel\Actor\Player">
      <UniqueIdentifier>{903231db-adeb-431a-bc66-ec5cb32db949}</UniqueIdentifier>
    </Filter>
    <Filter Include="Level\PlayLevel\Actor\Attack\Melee">
      <UniqueIdentifier>{af0635cc-9267-4bc4-ab40-048bfae8b4be}</UniqueIdentifier>
    </Filter>
    <Filter Include="Level\PlayLevel\Actor\Attack\Melee\Character">
      <UniqueIdentifier>{dfdbe2af-a6f5-4dff-a303-7b005732b5de}</UniqueIdentifier>
    </Filter>
    <Filter Include="Level\PlayLevel\Object">
      <UniqueIdentifier>{372681f9-0642-49fa-9249-f73da7cfa638}</UniqueIdentifier>
    </Filter>
    <Filter Include="Level\PlayLevel\Actor\Attack\Melee\BasicMelee">
      <UniqueIdentifier>{147565b4-fd45-4322-a4be-0a98e1e5bd28}</UniqueIdentifier>
    </Filter>
    <Filter Include="Level\PlayLevel\Actor\Attack\Ranged\BasicRanged">
      <UniqueIdentifier>{4a02e302-1eb0-4e06-9c20-ac074488c656}</UniqueIdentifier>
    </Filter>
  </ItemGroup>
</Project>